{
  "requires": true,
  "lockfileVersion": 1,
  "dependencies": {
    "angular-popper": {
      "version": "2.0.1",
      "resolved": "https://registry.npmjs.org/angular-popper/-/angular-popper-2.0.1.tgz",
      "integrity": "sha512-6eWT+xQ486tbqEsiqytOJDFA2IntifzbdPo4z7QzdmZ7ySrG37eOZipDRKSJwI6S/NwLpwmnfDID4guecukZZg==",
      "requires": {
        "tslib": "^1.9.0"
      }
    },
    "ngx-popper": {
      "version": "7.0.0",
      "resolved": "https://registry.npmjs.org/ngx-popper/-/ngx-popper-7.0.0.tgz",
      "integrity": "sha512-YEp5defNRRs/vq3OaF5aosvfDQEXw0ZJytlfcEfWUu43gxs6AoQIHD82EC41MfQi6impvRie+M1ZO5KpEBH43Q==",
      "requires": {
        "tslib": "^1.9.0"
      }
    },
    "popper.js": {
      "version": "1.16.1",
      "resolved": "https://registry.npmjs.org/popper.js/-/popper.js-1.16.1.tgz",
      "integrity": "sha512-Wb4p1J4zyFTbM+u6WuO4XstYx4Ky9Cewe4DWrel7B0w6VVICvPwdOpotjzcf6eD8TsckVnIMNONQyPIUFOUbCQ=="
    },
    "tslib": {
      "version": "1.13.0",
      "resolved": "https://registry.npmjs.org/tslib/-/tslib-1.13.0.tgz",
      "integrity": "sha512-i/6DQjL8Xf3be4K/E6Wgpekn5Qasl1usyw++dAA35Ue5orEn65VIxOA+YvNNl9HV3qv70T7CNwjODHZrLwvd1Q=="
    }
  }
}
